// !$*UTF8*$!
{
	archiveVersion = 1;
	classes = {
	};
	objectVersion = 56;
	objects = {

/* Begin PBXBuildFile section */
		84DA40C6290E849C0023D1E5 /* AppDelegate.swift in Sources */ = {isa = PBXBuildFile; fileRef = 84DA40C5290E849C0023D1E5 /* AppDelegate.swift */; };
		84DA40C8290E849C0023D1E5 /* SceneDelegate.swift in Sources */ = {isa = PBXBuildFile; fileRef = 84DA40C7290E849C0023D1E5 /* SceneDelegate.swift */; };
		84DA40CF290E849E0023D1E5 /* Assets.xcassets in Resources */ = {isa = PBXBuildFile; fileRef = 84DA40CE290E849E0023D1E5 /* Assets.xcassets */; };
		84DA40D2290E849E0023D1E5 /* LaunchScreen.storyboard in Resources */ = {isa = PBXBuildFile; fileRef = 84DA40D0290E849E0023D1E5 /* LaunchScreen.storyboard */; };
		84DA40DA290E84CF0023D1E5 /* AppCoordinator.swift in Sources */ = {isa = PBXBuildFile; fileRef = 84DA40D9290E84CF0023D1E5 /* AppCoordinator.swift */; };
		84DA40DC290E84ED0023D1E5 /* Coordinator.swift in Sources */ = {isa = PBXBuildFile; fileRef = 84DA40DB290E84ED0023D1E5 /* Coordinator.swift */; };
		84DA40E1290E859B0023D1E5 /* OnboardingCoordinator.swift in Sources */ = {isa = PBXBuildFile; fileRef = 84DA40E0290E859B0023D1E5 /* OnboardingCoordinator.swift */; };
		84DA40E5290E86430023D1E5 /* OnboardingViewController.swift in Sources */ = {isa = PBXBuildFile; fileRef = 84DA40E3290E86430023D1E5 /* OnboardingViewController.swift */; };
		84DA40E6290E86430023D1E5 /* OnboardingViewController.xib in Resources */ = {isa = PBXBuildFile; fileRef = 84DA40E4290E86430023D1E5 /* OnboardingViewController.xib */; };
		84DA40E8290E86B30023D1E5 /* OnboardingPresenter.swift in Sources */ = {isa = PBXBuildFile; fileRef = 84DA40E7290E86B30023D1E5 /* OnboardingPresenter.swift */; };
		84DA40EA290E86E80023D1E5 /* OnboardingInfo.swift in Sources */ = {isa = PBXBuildFile; fileRef = 84DA40E9290E86E80023D1E5 /* OnboardingInfo.swift */; };
		84DA40EC290E87170023D1E5 /* OnboardingInfoProvider.swift in Sources */ = {isa = PBXBuildFile; fileRef = 84DA40EB290E87170023D1E5 /* OnboardingInfoProvider.swift */; };
		84DA40F1290E8A950023D1E5 /* OnboardingPageCountProvider.swift in Sources */ = {isa = PBXBuildFile; fileRef = 84DA40F0290E8A950023D1E5 /* OnboardingPageCountProvider.swift */; };
		84DA40F4290E8D830023D1E5 /* CoordinatorBuilder.swift in Sources */ = {isa = PBXBuildFile; fileRef = 84DA40F3290E8D830023D1E5 /* CoordinatorBuilder.swift */; };
		84DA40F6290E8DBB0023D1E5 /* AbstractFactory.swift in Sources */ = {isa = PBXBuildFile; fileRef = 84DA40F5290E8DBB0023D1E5 /* AbstractFactory.swift */; };
		84DA40FE290E95E20023D1E5 /* Localizable.strings in Resources */ = {isa = PBXBuildFile; fileRef = 84DA4100290E95E20023D1E5 /* Localizable.strings */; };
		84DA4103290E987A0023D1E5 /* String+Extension.swift in Sources */ = {isa = PBXBuildFile; fileRef = 84DA4102290E987A0023D1E5 /* String+Extension.swift */; };
		84DA410F290E99830023D1E5 /* Lato-Thin.ttf in Resources */ = {isa = PBXBuildFile; fileRef = 84DA4107290E99830023D1E5 /* Lato-Thin.ttf */; };
		84DA4110290E99830023D1E5 /* Lato-Bold.ttf in Resources */ = {isa = PBXBuildFile; fileRef = 84DA4108290E99830023D1E5 /* Lato-Bold.ttf */; };
		84DA4111290E99830023D1E5 /* Lato-Black.ttf in Resources */ = {isa = PBXBuildFile; fileRef = 84DA4109290E99830023D1E5 /* Lato-Black.ttf */; };
		84DA4112290E99830023D1E5 /* Lato-Regular.ttf in Resources */ = {isa = PBXBuildFile; fileRef = 84DA410A290E99830023D1E5 /* Lato-Regular.ttf */; };
		84DA4113290E99830023D1E5 /* Lato-Semibold.ttf in Resources */ = {isa = PBXBuildFile; fileRef = 84DA410B290E99830023D1E5 /* Lato-Semibold.ttf */; };
		84DA4114290E99830023D1E5 /* Lato-Heavy.ttf in Resources */ = {isa = PBXBuildFile; fileRef = 84DA410C290E99830023D1E5 /* Lato-Heavy.ttf */; };
		84DA4115290E99830023D1E5 /* Lato-Light.ttf in Resources */ = {isa = PBXBuildFile; fileRef = 84DA410D290E99830023D1E5 /* Lato-Light.ttf */; };
		84DA4116290E99830023D1E5 /* Lato-Medium.ttf in Resources */ = {isa = PBXBuildFile; fileRef = 84DA410E290E99830023D1E5 /* Lato-Medium.ttf */; };
		84DA411F290E9AF10023D1E5 /* UIColor+Extension.swift in Sources */ = {isa = PBXBuildFile; fileRef = 84DA411A290E9AF10023D1E5 /* UIColor+Extension.swift */; };
		84DA4121290E9AF10023D1E5 /* UIFont+Extension.swift in Sources */ = {isa = PBXBuildFile; fileRef = 84DA411D290E9AF10023D1E5 /* UIFont+Extension.swift */; };
		84DA4122290E9B740023D1E5 /* Colors.xcassets in Resources */ = {isa = PBXBuildFile; fileRef = 84DA4119290E9AF10023D1E5 /* Colors.xcassets */; };
		84DA4125290E9EB10023D1E5 /* CoordinatorBuilder.swift in Sources */ = {isa = PBXBuildFile; fileRef = 84DA40F3290E8D830023D1E5 /* CoordinatorBuilder.swift */; };
		84DA4126290E9EB10023D1E5 /* Coordinator.swift in Sources */ = {isa = PBXBuildFile; fileRef = 84DA40DB290E84ED0023D1E5 /* Coordinator.swift */; };
		84DA4127290E9EB10023D1E5 /* OnboardingViewController.swift in Sources */ = {isa = PBXBuildFile; fileRef = 84DA40E3290E86430023D1E5 /* OnboardingViewController.swift */; };
		84DA4129290E9EB10023D1E5 /* AppCoordinator.swift in Sources */ = {isa = PBXBuildFile; fileRef = 84DA40D9290E84CF0023D1E5 /* AppCoordinator.swift */; };
		84DA412A290E9EB10023D1E5 /* AppDelegate.swift in Sources */ = {isa = PBXBuildFile; fileRef = 84DA40C5290E849C0023D1E5 /* AppDelegate.swift */; };
		84DA412B290E9EB10023D1E5 /* OnboardingPresenter.swift in Sources */ = {isa = PBXBuildFile; fileRef = 84DA40E7290E86B30023D1E5 /* OnboardingPresenter.swift */; };
		84DA412C290E9EB10023D1E5 /* OnboardingInfoProvider.swift in Sources */ = {isa = PBXBuildFile; fileRef = 84DA40EB290E87170023D1E5 /* OnboardingInfoProvider.swift */; };
		84DA412D290E9EB10023D1E5 /* UIFont+Extension.swift in Sources */ = {isa = PBXBuildFile; fileRef = 84DA411D290E9AF10023D1E5 /* UIFont+Extension.swift */; };
		84DA412E290E9EB10023D1E5 /* UIColor+Extension.swift in Sources */ = {isa = PBXBuildFile; fileRef = 84DA411A290E9AF10023D1E5 /* UIColor+Extension.swift */; };
		84DA412F290E9EB10023D1E5 /* AbstractFactory.swift in Sources */ = {isa = PBXBuildFile; fileRef = 84DA40F5290E8DBB0023D1E5 /* AbstractFactory.swift */; };
		84DA4130290E9EB10023D1E5 /* SceneDelegate.swift in Sources */ = {isa = PBXBuildFile; fileRef = 84DA40C7290E849C0023D1E5 /* SceneDelegate.swift */; };
		84DA4131290E9EB10023D1E5 /* OnboardingInfo.swift in Sources */ = {isa = PBXBuildFile; fileRef = 84DA40E9290E86E80023D1E5 /* OnboardingInfo.swift */; };
		84DA4132290E9EB10023D1E5 /* String+Extension.swift in Sources */ = {isa = PBXBuildFile; fileRef = 84DA4102290E987A0023D1E5 /* String+Extension.swift */; };
		84DA4133290E9EB10023D1E5 /* OnboardingCoordinator.swift in Sources */ = {isa = PBXBuildFile; fileRef = 84DA40E0290E859B0023D1E5 /* OnboardingCoordinator.swift */; };
		84DA4136290E9EB10023D1E5 /* Lato-Heavy.ttf in Resources */ = {isa = PBXBuildFile; fileRef = 84DA410C290E99830023D1E5 /* Lato-Heavy.ttf */; };
		84DA4137290E9EB10023D1E5 /* Lato-Medium.ttf in Resources */ = {isa = PBXBuildFile; fileRef = 84DA410E290E99830023D1E5 /* Lato-Medium.ttf */; };
		84DA4139290E9EB10023D1E5 /* Lato-Black.ttf in Resources */ = {isa = PBXBuildFile; fileRef = 84DA4109290E99830023D1E5 /* Lato-Black.ttf */; };
		84DA413A290E9EB10023D1E5 /* LaunchScreen.storyboard in Resources */ = {isa = PBXBuildFile; fileRef = 84DA40D0290E849E0023D1E5 /* LaunchScreen.storyboard */; };
		84DA413B290E9EB10023D1E5 /* Lato-Light.ttf in Resources */ = {isa = PBXBuildFile; fileRef = 84DA410D290E99830023D1E5 /* Lato-Light.ttf */; };
		84DA413C290E9EB10023D1E5 /* Lato-Semibold.ttf in Resources */ = {isa = PBXBuildFile; fileRef = 84DA410B290E99830023D1E5 /* Lato-Semibold.ttf */; };
		84DA413D290E9EB10023D1E5 /* Lato-Bold.ttf in Resources */ = {isa = PBXBuildFile; fileRef = 84DA4108290E99830023D1E5 /* Lato-Bold.ttf */; };
		84DA413E290E9EB10023D1E5 /* Lato-Regular.ttf in Resources */ = {isa = PBXBuildFile; fileRef = 84DA410A290E99830023D1E5 /* Lato-Regular.ttf */; };
		84DA4140290E9EB10023D1E5 /* Lato-Thin.ttf in Resources */ = {isa = PBXBuildFile; fileRef = 84DA4107290E99830023D1E5 /* Lato-Thin.ttf */; };
		84DA4142290E9EB10023D1E5 /* OnboardingViewController.xib in Resources */ = {isa = PBXBuildFile; fileRef = 84DA40E4290E86430023D1E5 /* OnboardingViewController.xib */; };
		84DA414C290E9EEB0023D1E5 /* OnboardingPageCountProvider.swift in Sources */ = {isa = PBXBuildFile; fileRef = 84DA414A290E9EE40023D1E5 /* OnboardingPageCountProvider.swift */; };
		84DA4151290E9F1C0023D1E5 /* Localizable.strings in Resources */ = {isa = PBXBuildFile; fileRef = 84DA414F290E9F1A0023D1E5 /* Localizable.strings */; };
		84DA4155290EA0CC0023D1E5 /* Colors.xcassets in Resources */ = {isa = PBXBuildFile; fileRef = 84DA4154290EA0CB0023D1E5 /* Colors.xcassets */; };
		84DA4157290EA2420023D1E5 /* Assets.xcassets in Resources */ = {isa = PBXBuildFile; fileRef = 84DA4156290EA2420023D1E5 /* Assets.xcassets */; };
		84DA415F290ED5240023D1E5 /* Note.swift in Sources */ = {isa = PBXBuildFile; fileRef = 84DA415E290ED5240023D1E5 /* Note.swift */; };
		84DA4160290ED5240023D1E5 /* Note.swift in Sources */ = {isa = PBXBuildFile; fileRef = 84DA415E290ED5240023D1E5 /* Note.swift */; };
		84DA4163290ED71F0023D1E5 /* Storage.swift in Sources */ = {isa = PBXBuildFile; fileRef = 84DA4162290ED71F0023D1E5 /* Storage.swift */; };
		84DA4164290ED71F0023D1E5 /* Storage.swift in Sources */ = {isa = PBXBuildFile; fileRef = 84DA4162290ED71F0023D1E5 /* Storage.swift */; };
		84DA4166290ED7680023D1E5 /* NotesProvider.swift in Sources */ = {isa = PBXBuildFile; fileRef = 84DA4165290ED7680023D1E5 /* NotesProvider.swift */; };
		84DA4167290ED7680023D1E5 /* NotesProvider.swift in Sources */ = {isa = PBXBuildFile; fileRef = 84DA4165290ED7680023D1E5 /* NotesProvider.swift */; };
		84DA4169290ED8C20023D1E5 /* NotesListPresenter.swift in Sources */ = {isa = PBXBuildFile; fileRef = 84DA4168290ED8C20023D1E5 /* NotesListPresenter.swift */; };
		84DA416A290ED8C20023D1E5 /* NotesListPresenter.swift in Sources */ = {isa = PBXBuildFile; fileRef = 84DA4168290ED8C20023D1E5 /* NotesListPresenter.swift */; };
		84DA416C290EDA680023D1E5 /* NotesCoordinator.swift in Sources */ = {isa = PBXBuildFile; fileRef = 84DA416B290EDA680023D1E5 /* NotesCoordinator.swift */; };
		84DA4173290EDC7A0023D1E5 /* NoteTableViewCell.swift in Sources */ = {isa = PBXBuildFile; fileRef = 84DA4171290EDC7A0023D1E5 /* NoteTableViewCell.swift */; };
		84DA4175290EDC7A0023D1E5 /* NoteTableViewCell.xib in Resources */ = {isa = PBXBuildFile; fileRef = 84DA4172290EDC7A0023D1E5 /* NoteTableViewCell.xib */; };
		84DA4178290EDFE60023D1E5 /* Date+Extension.swift in Sources */ = {isa = PBXBuildFile; fileRef = 84DA4177290EDFE60023D1E5 /* Date+Extension.swift */; };
		84DA4179290EDFE60023D1E5 /* Date+Extension.swift in Sources */ = {isa = PBXBuildFile; fileRef = 84DA4177290EDFE60023D1E5 /* Date+Extension.swift */; };
		84DA417B290EE17F0023D1E5 /* AddData.swift in Sources */ = {isa = PBXBuildFile; fileRef = 84DA417A290EE17F0023D1E5 /* AddData.swift */; };
		84DA417C290EE17F0023D1E5 /* AddData.swift in Sources */ = {isa = PBXBuildFile; fileRef = 84DA417A290EE17F0023D1E5 /* AddData.swift */; };
		84DA417E290EE3A20023D1E5 /* BaseNotesListViewController.swift in Sources */ = {isa = PBXBuildFile; fileRef = 84DA417D290EE3A20023D1E5 /* BaseNotesListViewController.swift */; };
		84DA4181290EE4DE0023D1E5 /* UITableViewCell+Extension.swift in Sources */ = {isa = PBXBuildFile; fileRef = 84DA4180290EE4DE0023D1E5 /* UITableViewCell+Extension.swift */; };
		84DA4182290EE4DE0023D1E5 /* UITableViewCell+Extension.swift in Sources */ = {isa = PBXBuildFile; fileRef = 84DA4180290EE4DE0023D1E5 /* UITableViewCell+Extension.swift */; };
		84DA4184290EE5DC0023D1E5 /* UITableView+Extension.swift in Sources */ = {isa = PBXBuildFile; fileRef = 84DA4183290EE5DC0023D1E5 /* UITableView+Extension.swift */; };
		84DA4185290EE5DC0023D1E5 /* UITableView+Extension.swift in Sources */ = {isa = PBXBuildFile; fileRef = 84DA4183290EE5DC0023D1E5 /* UITableView+Extension.swift */; };
		84DA418B290EE73E0023D1E5 /* NotesListViewController.swift in Sources */ = {isa = PBXBuildFile; fileRef = 84DA415A290ED5180023D1E5 /* NotesListViewController.swift */; };
		84DA418C290EE8210023D1E5 /* NotesListViewController.xib in Resources */ = {isa = PBXBuildFile; fileRef = 84DA415B290ED5180023D1E5 /* NotesListViewController.xib */; };
		84DA418D290EEA990023D1E5 /* NotesCoordinator.swift in Sources */ = {isa = PBXBuildFile; fileRef = 84DA416B290EDA680023D1E5 /* NotesCoordinator.swift */; };
		84DA418E290EF4070023D1E5 /* BaseNotesListViewController.swift in Sources */ = {isa = PBXBuildFile; fileRef = 84DA417D290EE3A20023D1E5 /* BaseNotesListViewController.swift */; };
		84DA4194290F0C040023D1E5 /* NoteCollectionViewCell.xib in Resources */ = {isa = PBXBuildFile; fileRef = 84DA4191290F0A6E0023D1E5 /* NoteCollectionViewCell.xib */; };
		84DA4195290F0C040023D1E5 /* NoteCollectionViewCell.swift in Sources */ = {isa = PBXBuildFile; fileRef = 84DA4190290F0A6E0023D1E5 /* NoteCollectionViewCell.swift */; };
		84DA4198290F0C170023D1E5 /* NotesListViewController.swift in Sources */ = {isa = PBXBuildFile; fileRef = 84DA4196290F0C170023D1E5 /* NotesListViewController.swift */; };
		84DA4199290F0C170023D1E5 /* NotesListViewController.xib in Resources */ = {isa = PBXBuildFile; fileRef = 84DA4197290F0C170023D1E5 /* NotesListViewController.xib */; };
		84DA419B290F0D120023D1E5 /* UICollectionViewCell+Extension.swift in Sources */ = {isa = PBXBuildFile; fileRef = 84DA419A290F0D120023D1E5 /* UICollectionViewCell+Extension.swift */; };
		84DA419D290F0D2E0023D1E5 /* UICollectionView+Extension.swift in Sources */ = {isa = PBXBuildFile; fileRef = 84DA419C290F0D2E0023D1E5 /* UICollectionView+Extension.swift */; };
		84DA419E290F0DE90023D1E5 /* UICollectionView+Extension.swift in Sources */ = {isa = PBXBuildFile; fileRef = 84DA419C290F0D2E0023D1E5 /* UICollectionView+Extension.swift */; };
		84DA419F290F0DF10023D1E5 /* UICollectionViewCell+Extension.swift in Sources */ = {isa = PBXBuildFile; fileRef = 84DA419A290F0D120023D1E5 /* UICollectionViewCell+Extension.swift */; };
		84DA41A2290FF81A0023D1E5 /* BaseNotePreviewCoordinator.swift in Sources */ = {isa = PBXBuildFile; fileRef = 84DA41A1290FF81A0023D1E5 /* BaseNotePreviewCoordinator.swift */; };
		84DA41A3290FF9ED0023D1E5 /* BaseNotePreviewCoordinator.swift in Sources */ = {isa = PBXBuildFile; fileRef = 84DA41A1290FF81A0023D1E5 /* BaseNotePreviewCoordinator.swift */; };
		84DA41A6290FFA1D0023D1E5 /* NotePreviewCoordinator.swift in Sources */ = {isa = PBXBuildFile; fileRef = 84DA41A5290FFA1D0023D1E5 /* NotePreviewCoordinator.swift */; };
		84DA41A929100B800023D1E5 /* NotePreviewViewController.swift in Sources */ = {isa = PBXBuildFile; fileRef = 84DA41A729100B800023D1E5 /* NotePreviewViewController.swift */; };
		84DA41AA29100B800023D1E5 /* NotePreviewViewController.swift in Sources */ = {isa = PBXBuildFile; fileRef = 84DA41A729100B800023D1E5 /* NotePreviewViewController.swift */; };
		84DA41AB29100B800023D1E5 /* NotePreviewViewController.xib in Resources */ = {isa = PBXBuildFile; fileRef = 84DA41A829100B800023D1E5 /* NotePreviewViewController.xib */; };
		84DA41AC29100B800023D1E5 /* NotePreviewViewController.xib in Resources */ = {isa = PBXBuildFile; fileRef = 84DA41A829100B800023D1E5 /* NotePreviewViewController.xib */; };
		84DA41B2291014C50023D1E5 /* NotePreviewPresenter.swift in Sources */ = {isa = PBXBuildFile; fileRef = 84DA41B1291014C50023D1E5 /* NotePreviewPresenter.swift */; };
		84DA41B3291014C50023D1E5 /* NotePreviewPresenter.swift in Sources */ = {isa = PBXBuildFile; fileRef = 84DA41B1291014C50023D1E5 /* NotePreviewPresenter.swift */; };
		84DA41B729101BD70023D1E5 /* NotePreviewCoordinator.swift in Sources */ = {isa = PBXBuildFile; fileRef = 84DA41B529101BD70023D1E5 /* NotePreviewCoordinator.swift */; };
		84DA41C829102FB90023D1E5 /* iNote-Alpha-Common.xcconfig in Resources */ = {isa = PBXBuildFile; fileRef = 84DA41BD29102FB90023D1E5 /* iNote-Alpha-Common.xcconfig */; };
		84DA41C929102FB90023D1E5 /* iNote-Alpha-Release.xcconfig in Resources */ = {isa = PBXBuildFile; fileRef = 84DA41BE29102FB90023D1E5 /* iNote-Alpha-Release.xcconfig */; };
		84DA41CA29102FB90023D1E5 /* iNote-Alpha-Debug.xcconfig in Resources */ = {isa = PBXBuildFile; fileRef = 84DA41BF29102FB90023D1E5 /* iNote-Alpha-Debug.xcconfig */; };
		84DA41CB29102FB90023D1E5 /* iNote-Beta-Common.xcconfig in Resources */ = {isa = PBXBuildFile; fileRef = 84DA41C129102FB90023D1E5 /* iNote-Beta-Common.xcconfig */; };
		84DA41CC29102FB90023D1E5 /* iNote-Beta-Debug.xcconfig in Resources */ = {isa = PBXBuildFile; fileRef = 84DA41C229102FB90023D1E5 /* iNote-Beta-Debug.xcconfig */; };
		84DA41CD29102FB90023D1E5 /* iNote-Beta-Release.xcconfig in Resources */ = {isa = PBXBuildFile; fileRef = 84DA41C329102FB90023D1E5 /* iNote-Beta-Release.xcconfig */; };
		84DA41CE29102FB90023D1E5 /* Project-Release.xcconfig in Resources */ = {isa = PBXBuildFile; fileRef = 84DA41C529102FB90023D1E5 /* Project-Release.xcconfig */; };
		84DA41CF29102FBA0023D1E5 /* Project-Common.xcconfig in Resources */ = {isa = PBXBuildFile; fileRef = 84DA41C629102FB90023D1E5 /* Project-Common.xcconfig */; };
		84DA41D029102FBA0023D1E5 /* Project-Debug.xcconfig in Resources */ = {isa = PBXBuildFile; fileRef = 84DA41C729102FB90023D1E5 /* Project-Debug.xcconfig */; };
/* End PBXBuildFile section */

/* Begin PBXFileReference section */
		84DA40C2290E849C0023D1E5 /* iNote Alpha.app */ = {isa = PBXFileReference; explicitFileType = wrapper.application; includeInIndex = 0; path = "iNote Alpha.app"; sourceTree = BUILT_PRODUCTS_DIR; };
		84DA40C5290E849C0023D1E5 /* AppDelegate.swift */ = {isa = PBXFileReference; lastKnownFileType = sourcecode.swift; path = AppDelegate.swift; sourceTree = "<group>"; };
		84DA40C7290E849C0023D1E5 /* SceneDelegate.swift */ = {isa = PBXFileReference; lastKnownFileType = sourcecode.swift; path = SceneDelegate.swift; sourceTree = "<group>"; };
		84DA40CE290E849E0023D1E5 /* Assets.xcassets */ = {isa = PBXFileReference; lastKnownFileType = folder.assetcatalog; path = Assets.xcassets; sourceTree = "<group>"; };
		84DA40D1290E849E0023D1E5 /* Base */ = {isa = PBXFileReference; lastKnownFileType = file.storyboard; name = Base; path = Base.lproj/LaunchScreen.storyboard; sourceTree = "<group>"; };
		84DA40D3290E849E0023D1E5 /* Info.plist */ = {isa = PBXFileReference; lastKnownFileType = text.plist.xml; path = Info.plist; sourceTree = "<group>"; };
		84DA40D9290E84CF0023D1E5 /* AppCoordinator.swift */ = {isa = PBXFileReference; lastKnownFileType = sourcecode.swift; path = AppCoordinator.swift; sourceTree = "<group>"; };
		84DA40DB290E84ED0023D1E5 /* Coordinator.swift */ = {isa = PBXFileReference; lastKnownFileType = sourcecode.swift; path = Coordinator.swift; sourceTree = "<group>"; };
		84DA40E0290E859B0023D1E5 /* OnboardingCoordinator.swift */ = {isa = PBXFileReference; lastKnownFileType = sourcecode.swift; path = OnboardingCoordinator.swift; sourceTree = "<group>"; };
		84DA40E3290E86430023D1E5 /* OnboardingViewController.swift */ = {isa = PBXFileReference; lastKnownFileType = sourcecode.swift; path = OnboardingViewController.swift; sourceTree = "<group>"; };
		84DA40E4290E86430023D1E5 /* OnboardingViewController.xib */ = {isa = PBXFileReference; lastKnownFileType = file.xib; path = OnboardingViewController.xib; sourceTree = "<group>"; };
		84DA40E7290E86B30023D1E5 /* OnboardingPresenter.swift */ = {isa = PBXFileReference; lastKnownFileType = sourcecode.swift; path = OnboardingPresenter.swift; sourceTree = "<group>"; };
		84DA40E9290E86E80023D1E5 /* OnboardingInfo.swift */ = {isa = PBXFileReference; lastKnownFileType = sourcecode.swift; path = OnboardingInfo.swift; sourceTree = "<group>"; };
		84DA40EB290E87170023D1E5 /* OnboardingInfoProvider.swift */ = {isa = PBXFileReference; lastKnownFileType = sourcecode.swift; path = OnboardingInfoProvider.swift; sourceTree = "<group>"; };
		84DA40F0290E8A950023D1E5 /* OnboardingPageCountProvider.swift */ = {isa = PBXFileReference; lastKnownFileType = sourcecode.swift; path = OnboardingPageCountProvider.swift; sourceTree = "<group>"; };
		84DA40F3290E8D830023D1E5 /* CoordinatorBuilder.swift */ = {isa = PBXFileReference; lastKnownFileType = sourcecode.swift; path = CoordinatorBuilder.swift; sourceTree = "<group>"; };
		84DA40F5290E8DBB0023D1E5 /* AbstractFactory.swift */ = {isa = PBXFileReference; lastKnownFileType = sourcecode.swift; path = AbstractFactory.swift; sourceTree = "<group>"; };
		84DA40FF290E95E20023D1E5 /* en */ = {isa = PBXFileReference; lastKnownFileType = text.plist.strings; name = en; path = en.lproj/Localizable.strings; sourceTree = "<group>"; };
		84DA4102290E987A0023D1E5 /* String+Extension.swift */ = {isa = PBXFileReference; lastKnownFileType = sourcecode.swift; path = "String+Extension.swift"; sourceTree = "<group>"; };
		84DA4107290E99830023D1E5 /* Lato-Thin.ttf */ = {isa = PBXFileReference; lastKnownFileType = file; path = "Lato-Thin.ttf"; sourceTree = "<group>"; };
		84DA4108290E99830023D1E5 /* Lato-Bold.ttf */ = {isa = PBXFileReference; lastKnownFileType = file; path = "Lato-Bold.ttf"; sourceTree = "<group>"; };
		84DA4109290E99830023D1E5 /* Lato-Black.ttf */ = {isa = PBXFileReference; lastKnownFileType = file; path = "Lato-Black.ttf"; sourceTree = "<group>"; };
		84DA410A290E99830023D1E5 /* Lato-Regular.ttf */ = {isa = PBXFileReference; lastKnownFileType = file; path = "Lato-Regular.ttf"; sourceTree = "<group>"; };
		84DA410B290E99830023D1E5 /* Lato-Semibold.ttf */ = {isa = PBXFileReference; lastKnownFileType = file; path = "Lato-Semibold.ttf"; sourceTree = "<group>"; };
		84DA410C290E99830023D1E5 /* Lato-Heavy.ttf */ = {isa = PBXFileReference; lastKnownFileType = file; path = "Lato-Heavy.ttf"; sourceTree = "<group>"; };
		84DA410D290E99830023D1E5 /* Lato-Light.ttf */ = {isa = PBXFileReference; lastKnownFileType = file; path = "Lato-Light.ttf"; sourceTree = "<group>"; };
		84DA410E290E99830023D1E5 /* Lato-Medium.ttf */ = {isa = PBXFileReference; lastKnownFileType = file; path = "Lato-Medium.ttf"; sourceTree = "<group>"; };
		84DA4119290E9AF10023D1E5 /* Colors.xcassets */ = {isa = PBXFileReference; lastKnownFileType = folder.assetcatalog; path = Colors.xcassets; sourceTree = "<group>"; };
		84DA411A290E9AF10023D1E5 /* UIColor+Extension.swift */ = {isa = PBXFileReference; fileEncoding = 4; lastKnownFileType = sourcecode.swift; path = "UIColor+Extension.swift"; sourceTree = "<group>"; };
		84DA411D290E9AF10023D1E5 /* UIFont+Extension.swift */ = {isa = PBXFileReference; fileEncoding = 4; lastKnownFileType = sourcecode.swift; path = "UIFont+Extension.swift"; sourceTree = "<group>"; };
		84DA4146290E9EB10023D1E5 /* iNote Beta.app */ = {isa = PBXFileReference; explicitFileType = wrapper.application; includeInIndex = 0; path = "iNote Beta.app"; sourceTree = BUILT_PRODUCTS_DIR; };
		84DA414A290E9EE40023D1E5 /* OnboardingPageCountProvider.swift */ = {isa = PBXFileReference; lastKnownFileType = sourcecode.swift; path = OnboardingPageCountProvider.swift; sourceTree = "<group>"; };
		84DA414F290E9F1A0023D1E5 /* Localizable.strings */ = {isa = PBXFileReference; lastKnownFileType = text.plist.strings; path = Localizable.strings; sourceTree = "<group>"; };
		84DA4154290EA0CB0023D1E5 /* Colors.xcassets */ = {isa = PBXFileReference; lastKnownFileType = folder.assetcatalog; path = Colors.xcassets; sourceTree = "<group>"; };
		84DA4156290EA2420023D1E5 /* Assets.xcassets */ = {isa = PBXFileReference; lastKnownFileType = folder.assetcatalog; path = Assets.xcassets; sourceTree = "<group>"; };
		84DA415A290ED5180023D1E5 /* NotesListViewController.swift */ = {isa = PBXFileReference; lastKnownFileType = sourcecode.swift; path = NotesListViewController.swift; sourceTree = "<group>"; };
		84DA415B290ED5180023D1E5 /* NotesListViewController.xib */ = {isa = PBXFileReference; lastKnownFileType = file.xib; path = NotesListViewController.xib; sourceTree = "<group>"; };
		84DA415E290ED5240023D1E5 /* Note.swift */ = {isa = PBXFileReference; lastKnownFileType = sourcecode.swift; path = Note.swift; sourceTree = "<group>"; };
		84DA4162290ED71F0023D1E5 /* Storage.swift */ = {isa = PBXFileReference; lastKnownFileType = sourcecode.swift; path = Storage.swift; sourceTree = "<group>"; };
		84DA4165290ED7680023D1E5 /* NotesProvider.swift */ = {isa = PBXFileReference; lastKnownFileType = sourcecode.swift; path = NotesProvider.swift; sourceTree = "<group>"; };
		84DA4168290ED8C20023D1E5 /* NotesListPresenter.swift */ = {isa = PBXFileReference; lastKnownFileType = sourcecode.swift; path = NotesListPresenter.swift; sourceTree = "<group>"; };
		84DA416B290EDA680023D1E5 /* NotesCoordinator.swift */ = {isa = PBXFileReference; lastKnownFileType = sourcecode.swift; path = NotesCoordinator.swift; sourceTree = "<group>"; };
		84DA4171290EDC7A0023D1E5 /* NoteTableViewCell.swift */ = {isa = PBXFileReference; lastKnownFileType = sourcecode.swift; path = NoteTableViewCell.swift; sourceTree = "<group>"; };
		84DA4172290EDC7A0023D1E5 /* NoteTableViewCell.xib */ = {isa = PBXFileReference; lastKnownFileType = file.xib; path = NoteTableViewCell.xib; sourceTree = "<group>"; };
		84DA4177290EDFE60023D1E5 /* Date+Extension.swift */ = {isa = PBXFileReference; lastKnownFileType = sourcecode.swift; path = "Date+Extension.swift"; sourceTree = "<group>"; };
		84DA417A290EE17F0023D1E5 /* AddData.swift */ = {isa = PBXFileReference; lastKnownFileType = sourcecode.swift; path = AddData.swift; sourceTree = "<group>"; };
		84DA417D290EE3A20023D1E5 /* BaseNotesListViewController.swift */ = {isa = PBXFileReference; lastKnownFileType = sourcecode.swift; path = BaseNotesListViewController.swift; sourceTree = "<group>"; };
		84DA4180290EE4DE0023D1E5 /* UITableViewCell+Extension.swift */ = {isa = PBXFileReference; lastKnownFileType = sourcecode.swift; path = "UITableViewCell+Extension.swift"; sourceTree = "<group>"; };
		84DA4183290EE5DC0023D1E5 /* UITableView+Extension.swift */ = {isa = PBXFileReference; lastKnownFileType = sourcecode.swift; path = "UITableView+Extension.swift"; sourceTree = "<group>"; };
		84DA4190290F0A6E0023D1E5 /* NoteCollectionViewCell.swift */ = {isa = PBXFileReference; lastKnownFileType = sourcecode.swift; path = NoteCollectionViewCell.swift; sourceTree = "<group>"; };
		84DA4191290F0A6E0023D1E5 /* NoteCollectionViewCell.xib */ = {isa = PBXFileReference; lastKnownFileType = file.xib; path = NoteCollectionViewCell.xib; sourceTree = "<group>"; };
		84DA4196290F0C170023D1E5 /* NotesListViewController.swift */ = {isa = PBXFileReference; lastKnownFileType = sourcecode.swift; path = NotesListViewController.swift; sourceTree = "<group>"; };
		84DA4197290F0C170023D1E5 /* NotesListViewController.xib */ = {isa = PBXFileReference; lastKnownFileType = file.xib; path = NotesListViewController.xib; sourceTree = "<group>"; };
		84DA419A290F0D120023D1E5 /* UICollectionViewCell+Extension.swift */ = {isa = PBXFileReference; lastKnownFileType = sourcecode.swift; path = "UICollectionViewCell+Extension.swift"; sourceTree = "<group>"; };
		84DA419C290F0D2E0023D1E5 /* UICollectionView+Extension.swift */ = {isa = PBXFileReference; lastKnownFileType = sourcecode.swift; path = "UICollectionView+Extension.swift"; sourceTree = "<group>"; };
		84DA41A1290FF81A0023D1E5 /* BaseNotePreviewCoordinator.swift */ = {isa = PBXFileReference; lastKnownFileType = sourcecode.swift; path = BaseNotePreviewCoordinator.swift; sourceTree = "<group>"; };
		84DA41A5290FFA1D0023D1E5 /* NotePreviewCoordinator.swift */ = {isa = PBXFileReference; lastKnownFileType = sourcecode.swift; path = NotePreviewCoordinator.swift; sourceTree = "<group>"; };
		84DA41A729100B800023D1E5 /* NotePreviewViewController.swift */ = {isa = PBXFileReference; lastKnownFileType = sourcecode.swift; path = NotePreviewViewController.swift; sourceTree = "<group>"; };
		84DA41A829100B800023D1E5 /* NotePreviewViewController.xib */ = {isa = PBXFileReference; lastKnownFileType = file.xib; path = NotePreviewViewController.xib; sourceTree = "<group>"; };
		84DA41B1291014C50023D1E5 /* NotePreviewPresenter.swift */ = {isa = PBXFileReference; lastKnownFileType = sourcecode.swift; path = NotePreviewPresenter.swift; sourceTree = "<group>"; };
		84DA41B529101BD70023D1E5 /* NotePreviewCoordinator.swift */ = {isa = PBXFileReference; lastKnownFileType = sourcecode.swift; path = NotePreviewCoordinator.swift; sourceTree = "<group>"; };
		84DA41B929102DA10023D1E5 /* Info.plist */ = {isa = PBXFileReference; lastKnownFileType = text.plist.xml; path = Info.plist; sourceTree = "<group>"; };
		84DA41BD29102FB90023D1E5 /* iNote-Alpha-Common.xcconfig */ = {isa = PBXFileReference; fileEncoding = 4; lastKnownFileType = text.xcconfig; path = "iNote-Alpha-Common.xcconfig"; sourceTree = "<group>"; };
		84DA41BE29102FB90023D1E5 /* iNote-Alpha-Release.xcconfig */ = {isa = PBXFileReference; fileEncoding = 4; lastKnownFileType = text.xcconfig; path = "iNote-Alpha-Release.xcconfig"; sourceTree = "<group>"; };
		84DA41BF29102FB90023D1E5 /* iNote-Alpha-Debug.xcconfig */ = {isa = PBXFileReference; fileEncoding = 4; lastKnownFileType = text.xcconfig; path = "iNote-Alpha-Debug.xcconfig"; sourceTree = "<group>"; };
		84DA41C129102FB90023D1E5 /* iNote-Beta-Common.xcconfig */ = {isa = PBXFileReference; fileEncoding = 4; lastKnownFileType = text.xcconfig; path = "iNote-Beta-Common.xcconfig"; sourceTree = "<group>"; };
		84DA41C229102FB90023D1E5 /* iNote-Beta-Debug.xcconfig */ = {isa = PBXFileReference; fileEncoding = 4; lastKnownFileType = text.xcconfig; path = "iNote-Beta-Debug.xcconfig"; sourceTree = "<group>"; };
		84DA41C329102FB90023D1E5 /* iNote-Beta-Release.xcconfig */ = {isa = PBXFileReference; fileEncoding = 4; lastKnownFileType = text.xcconfig; path = "iNote-Beta-Release.xcconfig"; sourceTree = "<group>"; };
		84DA41C529102FB90023D1E5 /* Project-Release.xcconfig */ = {isa = PBXFileReference; fileEncoding = 4; lastKnownFileType = text.xcconfig; path = "Project-Release.xcconfig"; sourceTree = "<group>"; };
		84DA41C629102FB90023D1E5 /* Project-Common.xcconfig */ = {isa = PBXFileReference; fileEncoding = 4; lastKnownFileType = text.xcconfig; path = "Project-Common.xcconfig"; sourceTree = "<group>"; };
		84DA41C729102FB90023D1E5 /* Project-Debug.xcconfig */ = {isa = PBXFileReference; fileEncoding = 4; lastKnownFileType = text.xcconfig; path = "Project-Debug.xcconfig"; sourceTree = "<group>"; };
/* End PBXFileReference section */

/* Begin PBXFrameworksBuildPhase section */
		84DA40BF290E849C0023D1E5 /* Frameworks */ = {
			isa = PBXFrameworksBuildPhase;
			buildActionMask = 2147483647;
			files = (
			);
			runOnlyForDeploymentPostprocessing = 0;
		};
		84DA4134290E9EB10023D1E5 /* Frameworks */ = {
			isa = PBXFrameworksBuildPhase;
			buildActionMask = 2147483647;
			files = (
			);
			runOnlyForDeploymentPostprocessing = 0;
		};
/* End PBXFrameworksBuildPhase section */

/* Begin PBXGroup section */
		84DA40B9290E849C0023D1E5 = {
			isa = PBXGroup;
			children = (
				84DA40C4290E849C0023D1E5 /* iNote */,
				84DA40C3290E849C0023D1E5 /* Products */,
			);
			sourceTree = "<group>";
		};
		84DA40C3290E849C0023D1E5 /* Products */ = {
			isa = PBXGroup;
			children = (
				84DA40C2290E849C0023D1E5 /* iNote Alpha.app */,
				84DA4146290E9EB10023D1E5 /* iNote Beta.app */,
			);
			name = Products;
			sourceTree = "<group>";
		};
		84DA40C4290E849C0023D1E5 /* iNote */ = {
			isa = PBXGroup;
			children = (
				84DA40F2290E8D4C0023D1E5 /* Beta */,
				84DA40ED290E8A540023D1E5 /* Alpha */,
				84DA40E2290E861C0023D1E5 /* Common */,
			);
			path = iNote;
			sourceTree = "<group>";
		};
		84DA40DD290E85730023D1E5 /* Core */ = {
			isa = PBXGroup;
			children = (
				84DA4161290ED7170023D1E5 /* UserDefaults */,
				84DA40D0290E849E0023D1E5 /* LaunchScreen.storyboard */,
				84DA40C5290E849C0023D1E5 /* AppDelegate.swift */,
				84DA40D9290E84CF0023D1E5 /* AppCoordinator.swift */,
				84DA40F3290E8D830023D1E5 /* CoordinatorBuilder.swift */,
				84DA40F5290E8DBB0023D1E5 /* AbstractFactory.swift */,
				84DA40DB290E84ED0023D1E5 /* Coordinator.swift */,
				84DA40C7290E849C0023D1E5 /* SceneDelegate.swift */,
			);
			path = Core;
			sourceTree = "<group>";
		};
		84DA40DE290E85850023D1E5 /* Modules */ = {
			isa = PBXGroup;
			children = (
				84DA41A0290FF7340023D1E5 /* NotePreview */,
				84DA4158290ED4D80023D1E5 /* NotesList */,
				84DA40DF290E858D0023D1E5 /* Onboarding */,
			);
			path = Modules;
			sourceTree = "<group>";
		};
		84DA40DF290E858D0023D1E5 /* Onboarding */ = {
			isa = PBXGroup;
			children = (
				84DA40E0290E859B0023D1E5 /* OnboardingCoordinator.swift */,
				84DA40E7290E86B30023D1E5 /* OnboardingPresenter.swift */,
				84DA40E9290E86E80023D1E5 /* OnboardingInfo.swift */,
				84DA40EB290E87170023D1E5 /* OnboardingInfoProvider.swift */,
				84DA40E3290E86430023D1E5 /* OnboardingViewController.swift */,
				84DA40E4290E86430023D1E5 /* OnboardingViewController.xib */,
			);
			path = Onboarding;
			sourceTree = "<group>";
		};
		84DA40E2290E861C0023D1E5 /* Common */ = {
			isa = PBXGroup;
			children = (
				84DA4101290E986F0023D1E5 /* Extensions */,
				84DA40FB290E95D10023D1E5 /* Resources */,
				84DA40DE290E85850023D1E5 /* Modules */,
				84DA40DD290E85730023D1E5 /* Core */,
			);
			path = Common;
			sourceTree = "<group>";
		};
		84DA40ED290E8A540023D1E5 /* Alpha */ = {
			isa = PBXGroup;
			children = (
				84DA414E290E9F020023D1E5 /* Resources */,
				84DA40EE290E8A7A0023D1E5 /* Modules */,
			);
			path = Alpha;
			sourceTree = "<group>";
		};
		84DA40EE290E8A7A0023D1E5 /* Modules */ = {
			isa = PBXGroup;
			children = (
				84DA41A4290FFA070023D1E5 /* NotePreview */,
				84DA4159290ED5070023D1E5 /* NotesList */,
				84DA40EF290E8A830023D1E5 /* Onboarding */,
			);
			path = Modules;
			sourceTree = "<group>";
		};
		84DA40EF290E8A830023D1E5 /* Onboarding */ = {
			isa = PBXGroup;
			children = (
				84DA40F0290E8A950023D1E5 /* OnboardingPageCountProvider.swift */,
			);
			path = Onboarding;
			sourceTree = "<group>";
		};
		84DA40F2290E8D4C0023D1E5 /* Beta */ = {
			isa = PBXGroup;
			children = (
				84DA414D290E9EF40023D1E5 /* Resources */,
				84DA4148290E9ED80023D1E5 /* Modules */,
			);
			path = Beta;
			sourceTree = "<group>";
		};
		84DA40FB290E95D10023D1E5 /* Resources */ = {
			isa = PBXGroup;
			children = (
				84DA41C429102FB90023D1E5 /* Configs */,
				84DA4117290E9AF10023D1E5 /* DesignSystem */,
			);
			path = Resources;
			sourceTree = "<group>";
		};
		84DA4101290E986F0023D1E5 /* Extensions */ = {
			isa = PBXGroup;
			children = (
				84DA4102290E987A0023D1E5 /* String+Extension.swift */,
				84DA4177290EDFE60023D1E5 /* Date+Extension.swift */,
				84DA419A290F0D120023D1E5 /* UICollectionViewCell+Extension.swift */,
				84DA4180290EE4DE0023D1E5 /* UITableViewCell+Extension.swift */,
				84DA4183290EE5DC0023D1E5 /* UITableView+Extension.swift */,
				84DA419C290F0D2E0023D1E5 /* UICollectionView+Extension.swift */,
			);
			path = Extensions;
			sourceTree = "<group>";
		};
		84DA4106290E99830023D1E5 /* Lato */ = {
			isa = PBXGroup;
			children = (
				84DA4107290E99830023D1E5 /* Lato-Thin.ttf */,
				84DA4108290E99830023D1E5 /* Lato-Bold.ttf */,
				84DA4109290E99830023D1E5 /* Lato-Black.ttf */,
				84DA410A290E99830023D1E5 /* Lato-Regular.ttf */,
				84DA410B290E99830023D1E5 /* Lato-Semibold.ttf */,
				84DA410C290E99830023D1E5 /* Lato-Heavy.ttf */,
				84DA410D290E99830023D1E5 /* Lato-Light.ttf */,
				84DA410E290E99830023D1E5 /* Lato-Medium.ttf */,
			);
			path = Lato;
			sourceTree = "<group>";
		};
		84DA4117290E9AF10023D1E5 /* DesignSystem */ = {
			isa = PBXGroup;
			children = (
				84DA4118290E9AF10023D1E5 /* Colors */,
				84DA411C290E9AF10023D1E5 /* Typography */,
			);
			path = DesignSystem;
			sourceTree = "<group>";
		};
		84DA4118290E9AF10023D1E5 /* Colors */ = {
			isa = PBXGroup;
			children = (
				84DA411A290E9AF10023D1E5 /* UIColor+Extension.swift */,
			);
			path = Colors;
			sourceTree = "<group>";
		};
		84DA411C290E9AF10023D1E5 /* Typography */ = {
			isa = PBXGroup;
			children = (
				84DA4106290E99830023D1E5 /* Lato */,
				84DA411D290E9AF10023D1E5 /* UIFont+Extension.swift */,
			);
			path = Typography;
			sourceTree = "<group>";
		};
		84DA4148290E9ED80023D1E5 /* Modules */ = {
			isa = PBXGroup;
			children = (
				84DA41B429101BB10023D1E5 /* NotePreview */,
				84DA418F290F0A560023D1E5 /* NotesList */,
				84DA4149290E9EDC0023D1E5 /* Onboarding */,
			);
			path = Modules;
			sourceTree = "<group>";
		};
		84DA4149290E9EDC0023D1E5 /* Onboarding */ = {
			isa = PBXGroup;
			children = (
				84DA414A290E9EE40023D1E5 /* OnboardingPageCountProvider.swift */,
			);
			path = Onboarding;
			sourceTree = "<group>";
		};
		84DA414D290E9EF40023D1E5 /* Resources */ = {
			isa = PBXGroup;
			children = (
				84DA41C029102FB90023D1E5 /* Configs */,
				84DA414F290E9F1A0023D1E5 /* Localizable.strings */,
				84DA41B929102DA10023D1E5 /* Info.plist */,
				84DA4154290EA0CB0023D1E5 /* Colors.xcassets */,
				84DA4156290EA2420023D1E5 /* Assets.xcassets */,
			);
			path = Resources;
			sourceTree = "<group>";
		};
		84DA414E290E9F020023D1E5 /* Resources */ = {
			isa = PBXGroup;
			children = (
				84DA41BC29102FB90023D1E5 /* Configs */,
				84DA40D3290E849E0023D1E5 /* Info.plist */,
				84DA4100290E95E20023D1E5 /* Localizable.strings */,
				84DA4119290E9AF10023D1E5 /* Colors.xcassets */,
				84DA40CE290E849E0023D1E5 /* Assets.xcassets */,
			);
			path = Resources;
			sourceTree = "<group>";
		};
		84DA4158290ED4D80023D1E5 /* NotesList */ = {
			isa = PBXGroup;
			children = (
				84DA415E290ED5240023D1E5 /* Note.swift */,
				84DA4165290ED7680023D1E5 /* NotesProvider.swift */,
				84DA4168290ED8C20023D1E5 /* NotesListPresenter.swift */,
				84DA417D290EE3A20023D1E5 /* BaseNotesListViewController.swift */,
				84DA416B290EDA680023D1E5 /* NotesCoordinator.swift */,
			);
			path = NotesList;
			sourceTree = "<group>";
		};
		84DA4159290ED5070023D1E5 /* NotesList */ = {
			isa = PBXGroup;
			children = (
				84DA415A290ED5180023D1E5 /* NotesListViewController.swift */,
				84DA415B290ED5180023D1E5 /* NotesListViewController.xib */,
				84DA4171290EDC7A0023D1E5 /* NoteTableViewCell.swift */,
				84DA4172290EDC7A0023D1E5 /* NoteTableViewCell.xib */,
			);
			path = NotesList;
			sourceTree = "<group>";
		};
		84DA4161290ED7170023D1E5 /* UserDefaults */ = {
			isa = PBXGroup;
			children = (
				84DA4162290ED71F0023D1E5 /* Storage.swift */,
				84DA417A290EE17F0023D1E5 /* AddData.swift */,
			);
			path = UserDefaults;
			sourceTree = "<group>";
		};
		84DA418F290F0A560023D1E5 /* NotesList */ = {
			isa = PBXGroup;
			children = (
				84DA4190290F0A6E0023D1E5 /* NoteCollectionViewCell.swift */,
				84DA4191290F0A6E0023D1E5 /* NoteCollectionViewCell.xib */,
				84DA4196290F0C170023D1E5 /* NotesListViewController.swift */,
				84DA4197290F0C170023D1E5 /* NotesListViewController.xib */,
			);
			path = NotesList;
			sourceTree = "<group>";
		};
		84DA41A0290FF7340023D1E5 /* NotePreview */ = {
			isa = PBXGroup;
			children = (
				84DA41A1290FF81A0023D1E5 /* BaseNotePreviewCoordinator.swift */,
				84DA41B1291014C50023D1E5 /* NotePreviewPresenter.swift */,
				84DA41A729100B800023D1E5 /* NotePreviewViewController.swift */,
				84DA41A829100B800023D1E5 /* NotePreviewViewController.xib */,
			);
			path = NotePreview;
			sourceTree = "<group>";
		};
		84DA41A4290FFA070023D1E5 /* NotePreview */ = {
			isa = PBXGroup;
			children = (
				84DA41A5290FFA1D0023D1E5 /* NotePreviewCoordinator.swift */,
			);
			path = NotePreview;
			sourceTree = "<group>";
		};
		84DA41B429101BB10023D1E5 /* NotePreview */ = {
			isa = PBXGroup;
			children = (
				84DA41B529101BD70023D1E5 /* NotePreviewCoordinator.swift */,
			);
			path = NotePreview;
			sourceTree = "<group>";
		};
		84DA41BC29102FB90023D1E5 /* Configs */ = {
			isa = PBXGroup;
			children = (
				84DA41BD29102FB90023D1E5 /* iNote-Alpha-Common.xcconfig */,
				84DA41BE29102FB90023D1E5 /* iNote-Alpha-Release.xcconfig */,
				84DA41BF29102FB90023D1E5 /* iNote-Alpha-Debug.xcconfig */,
			);
			path = Configs;
			sourceTree = "<group>";
		};
		84DA41C029102FB90023D1E5 /* Configs */ = {
			isa = PBXGroup;
			children = (
				84DA41C129102FB90023D1E5 /* iNote-Beta-Common.xcconfig */,
				84DA41C229102FB90023D1E5 /* iNote-Beta-Debug.xcconfig */,
				84DA41C329102FB90023D1E5 /* iNote-Beta-Release.xcconfig */,
			);
			path = Configs;
			sourceTree = "<group>";
		};
		84DA41C429102FB90023D1E5 /* Configs */ = {
			isa = PBXGroup;
			children = (
				84DA41C529102FB90023D1E5 /* Project-Release.xcconfig */,
				84DA41C629102FB90023D1E5 /* Project-Common.xcconfig */,
				84DA41C729102FB90023D1E5 /* Project-Debug.xcconfig */,
			);
			path = Configs;
			sourceTree = "<group>";
		};
/* End PBXGroup section */

/* Begin PBXNativeTarget section */
		84DA40C1290E849C0023D1E5 /* iNote Alpha */ = {
			isa = PBXNativeTarget;
			buildConfigurationList = 84DA40D6290E849E0023D1E5 /* Build configuration list for PBXNativeTarget "iNote Alpha" */;
			buildPhases = (
				84DA40BE290E849C0023D1E5 /* Sources */,
				84DA40BF290E849C0023D1E5 /* Frameworks */,
				84DA40C0290E849C0023D1E5 /* Resources */,
			);
			buildRules = (
			);
			dependencies = (
			);
			name = "iNote Alpha";
			productName = iNote;
			productReference = 84DA40C2290E849C0023D1E5 /* iNote Alpha.app */;
			productType = "com.apple.product-type.application";
		};
		84DA4123290E9EB10023D1E5 /* iNote Beta */ = {
			isa = PBXNativeTarget;
			buildConfigurationList = 84DA4143290E9EB10023D1E5 /* Build configuration list for PBXNativeTarget "iNote Beta" */;
			buildPhases = (
				84DA4124290E9EB10023D1E5 /* Sources */,
				84DA4134290E9EB10023D1E5 /* Frameworks */,
				84DA4135290E9EB10023D1E5 /* Resources */,
			);
			buildRules = (
			);
			dependencies = (
			);
			name = "iNote Beta";
			productName = iNote;
			productReference = 84DA4146290E9EB10023D1E5 /* iNote Beta.app */;
			productType = "com.apple.product-type.application";
		};
/* End PBXNativeTarget section */

/* Begin PBXProject section */
		84DA40BA290E849C0023D1E5 /* Project object */ = {
			isa = PBXProject;
			attributes = {
				BuildIndependentTargetsInParallel = 1;
				LastSwiftUpdateCheck = 1400;
				LastUpgradeCheck = 1400;
				TargetAttributes = {
					84DA40C1290E849C0023D1E5 = {
						CreatedOnToolsVersion = 14.0.1;
					};
				};
			};
			buildConfigurationList = 84DA40BD290E849C0023D1E5 /* Build configuration list for PBXProject "iNote" */;
			compatibilityVersion = "Xcode 14.0";
			developmentRegion = en;
			hasScannedForEncodings = 0;
			knownRegions = (
				en,
				Base,
			);
			mainGroup = 84DA40B9290E849C0023D1E5;
			productRefGroup = 84DA40C3290E849C0023D1E5 /* Products */;
			projectDirPath = "";
			projectRoot = "";
			targets = (
				84DA40C1290E849C0023D1E5 /* iNote Alpha */,
				84DA4123290E9EB10023D1E5 /* iNote Beta */,
			);
		};
/* End PBXProject section */

/* Begin PBXResourcesBuildPhase section */
		84DA40C0290E849C0023D1E5 /* Resources */ = {
			isa = PBXResourcesBuildPhase;
			buildActionMask = 2147483647;
			files = (
				84DA41CC29102FB90023D1E5 /* iNote-Beta-Debug.xcconfig in Resources */,
				84DA4114290E99830023D1E5 /* Lato-Heavy.ttf in Resources */,
				84DA41D029102FBA0023D1E5 /* Project-Debug.xcconfig in Resources */,
				84DA41CE29102FB90023D1E5 /* Project-Release.xcconfig in Resources */,
				84DA4116290E99830023D1E5 /* Lato-Medium.ttf in Resources */,
				84DA4122290E9B740023D1E5 /* Colors.xcassets in Resources */,
				84DA4111290E99830023D1E5 /* Lato-Black.ttf in Resources */,
				84DA40D2290E849E0023D1E5 /* LaunchScreen.storyboard in Resources */,
				84DA41AB29100B800023D1E5 /* NotePreviewViewController.xib in Resources */,
				84DA4115290E99830023D1E5 /* Lato-Light.ttf in Resources */,
				84DA4113290E99830023D1E5 /* Lato-Semibold.ttf in Resources */,
				84DA4175290EDC7A0023D1E5 /* NoteTableViewCell.xib in Resources */,
				84DA41CD29102FB90023D1E5 /* iNote-Beta-Release.xcconfig in Resources */,
				84DA41C929102FB90023D1E5 /* iNote-Alpha-Release.xcconfig in Resources */,
				84DA4110290E99830023D1E5 /* Lato-Bold.ttf in Resources */,
				84DA41CA29102FB90023D1E5 /* iNote-Alpha-Debug.xcconfig in Resources */,
				84DA418C290EE8210023D1E5 /* NotesListViewController.xib in Resources */,
				84DA4112290E99830023D1E5 /* Lato-Regular.ttf in Resources */,
				84DA41C829102FB90023D1E5 /* iNote-Alpha-Common.xcconfig in Resources */,
				84DA40FE290E95E20023D1E5 /* Localizable.strings in Resources */,
				84DA41CF29102FBA0023D1E5 /* Project-Common.xcconfig in Resources */,
				84DA410F290E99830023D1E5 /* Lato-Thin.ttf in Resources */,
				84DA40CF290E849E0023D1E5 /* Assets.xcassets in Resources */,
				84DA40E6290E86430023D1E5 /* OnboardingViewController.xib in Resources */,
				84DA41CB29102FB90023D1E5 /* iNote-Beta-Common.xcconfig in Resources */,
			);
			runOnlyForDeploymentPostprocessing = 0;
		};
		84DA4135290E9EB10023D1E5 /* Resources */ = {
			isa = PBXResourcesBuildPhase;
			buildActionMask = 2147483647;
			files = (
				84DA4136290E9EB10023D1E5 /* Lato-Heavy.ttf in Resources */,
				84DA4137290E9EB10023D1E5 /* Lato-Medium.ttf in Resources */,
				84DA4151290E9F1C0023D1E5 /* Localizable.strings in Resources */,
				84DA4139290E9EB10023D1E5 /* Lato-Black.ttf in Resources */,
				84DA4194290F0C040023D1E5 /* NoteCollectionViewCell.xib in Resources */,
				84DA41AC29100B800023D1E5 /* NotePreviewViewController.xib in Resources */,
				84DA413A290E9EB10023D1E5 /* LaunchScreen.storyboard in Resources */,
				84DA413B290E9EB10023D1E5 /* Lato-Light.ttf in Resources */,
				84DA4157290EA2420023D1E5 /* Assets.xcassets in Resources */,
				84DA413C290E9EB10023D1E5 /* Lato-Semibold.ttf in Resources */,
				84DA4199290F0C170023D1E5 /* NotesListViewController.xib in Resources */,
				84DA413D290E9EB10023D1E5 /* Lato-Bold.ttf in Resources */,
				84DA413E290E9EB10023D1E5 /* Lato-Regular.ttf in Resources */,
				84DA4155290EA0CC0023D1E5 /* Colors.xcassets in Resources */,
				84DA4140290E9EB10023D1E5 /* Lato-Thin.ttf in Resources */,
				84DA4142290E9EB10023D1E5 /* OnboardingViewController.xib in Resources */,
			);
			runOnlyForDeploymentPostprocessing = 0;
		};
/* End PBXResourcesBuildPhase section */

/* Begin PBXSourcesBuildPhase section */
		84DA40BE290E849C0023D1E5 /* Sources */ = {
			isa = PBXSourcesBuildPhase;
			buildActionMask = 2147483647;
			files = (
				84DA4166290ED7680023D1E5 /* NotesProvider.swift in Sources */,
				84DA4181290EE4DE0023D1E5 /* UITableViewCell+Extension.swift in Sources */,
				84DA4178290EDFE60023D1E5 /* Date+Extension.swift in Sources */,
				84DA40F4290E8D830023D1E5 /* CoordinatorBuilder.swift in Sources */,
				84DA40DC290E84ED0023D1E5 /* Coordinator.swift in Sources */,
				84DA417B290EE17F0023D1E5 /* AddData.swift in Sources */,
				84DA41A3290FF9ED0023D1E5 /* BaseNotePreviewCoordinator.swift in Sources */,
				84DA419F290F0DF10023D1E5 /* UICollectionViewCell+Extension.swift in Sources */,
				84DA40E5290E86430023D1E5 /* OnboardingViewController.swift in Sources */,
				84DA40F1290E8A950023D1E5 /* OnboardingPageCountProvider.swift in Sources */,
				84DA419E290F0DE90023D1E5 /* UICollectionView+Extension.swift in Sources */,
				84DA4173290EDC7A0023D1E5 /* NoteTableViewCell.swift in Sources */,
				84DA40DA290E84CF0023D1E5 /* AppCoordinator.swift in Sources */,
				84DA40C6290E849C0023D1E5 /* AppDelegate.swift in Sources */,
				84DA40E8290E86B30023D1E5 /* OnboardingPresenter.swift in Sources */,
				84DA40EC290E87170023D1E5 /* OnboardingInfoProvider.swift in Sources */,
				84DA4121290E9AF10023D1E5 /* UIFont+Extension.swift in Sources */,
				84DA41A929100B800023D1E5 /* NotePreviewViewController.swift in Sources */,
				84DA411F290E9AF10023D1E5 /* UIColor+Extension.swift in Sources */,
				84DA4169290ED8C20023D1E5 /* NotesListPresenter.swift in Sources */,
				84DA41B2291014C50023D1E5 /* NotePreviewPresenter.swift in Sources */,
				84DA418B290EE73E0023D1E5 /* NotesListViewController.swift in Sources */,
				84DA40F6290E8DBB0023D1E5 /* AbstractFactory.swift in Sources */,
				84DA415F290ED5240023D1E5 /* Note.swift in Sources */,
				84DA41A6290FFA1D0023D1E5 /* NotePreviewCoordinator.swift in Sources */,
				84DA417E290EE3A20023D1E5 /* BaseNotesListViewController.swift in Sources */,
				84DA416C290EDA680023D1E5 /* NotesCoordinator.swift in Sources */,
				84DA40C8290E849C0023D1E5 /* SceneDelegate.swift in Sources */,
				84DA40EA290E86E80023D1E5 /* OnboardingInfo.swift in Sources */,
				84DA4103290E987A0023D1E5 /* String+Extension.swift in Sources */,
				84DA4163290ED71F0023D1E5 /* Storage.swift in Sources */,
				84DA40E1290E859B0023D1E5 /* OnboardingCoordinator.swift in Sources */,
				84DA4184290EE5DC0023D1E5 /* UITableView+Extension.swift in Sources */,
			);
			runOnlyForDeploymentPostprocessing = 0;
		};
		84DA4124290E9EB10023D1E5 /* Sources */ = {
			isa = PBXSourcesBuildPhase;
			buildActionMask = 2147483647;
			files = (
				84DA4125290E9EB10023D1E5 /* CoordinatorBuilder.swift in Sources */,
				84DA41A2290FF81A0023D1E5 /* BaseNotePreviewCoordinator.swift in Sources */,
				84DA4126290E9EB10023D1E5 /* Coordinator.swift in Sources */,
				84DA4127290E9EB10023D1E5 /* OnboardingViewController.swift in Sources */,
				84DA4182290EE4DE0023D1E5 /* UITableViewCell+Extension.swift in Sources */,
				84DA41B3291014C50023D1E5 /* NotePreviewPresenter.swift in Sources */,
				84DA4129290E9EB10023D1E5 /* AppCoordinator.swift in Sources */,
				84DA4160290ED5240023D1E5 /* Note.swift in Sources */,
				84DA4164290ED71F0023D1E5 /* Storage.swift in Sources */,
				84DA4179290EDFE60023D1E5 /* Date+Extension.swift in Sources */,
				84DA41B729101BD70023D1E5 /* NotePreviewCoordinator.swift in Sources */,
				84DA412A290E9EB10023D1E5 /* AppDelegate.swift in Sources */,
				84DA418E290EF4070023D1E5 /* BaseNotesListViewController.swift in Sources */,
				84DA412B290E9EB10023D1E5 /* OnboardingPresenter.swift in Sources */,
				84DA4185290EE5DC0023D1E5 /* UITableView+Extension.swift in Sources */,
				84DA412C290E9EB10023D1E5 /* OnboardingInfoProvider.swift in Sources */,
				84DA412D290E9EB10023D1E5 /* UIFont+Extension.swift in Sources */,
				84DA418D290EEA990023D1E5 /* NotesCoordinator.swift in Sources */,
				84DA41AA29100B800023D1E5 /* NotePreviewViewController.swift in Sources */,
				84DA4167290ED7680023D1E5 /* NotesProvider.swift in Sources */,
				84DA419B290F0D120023D1E5 /* UICollectionViewCell+Extension.swift in Sources */,
				84DA4198290F0C170023D1E5 /* NotesListViewController.swift in Sources */,
				84DA412E290E9EB10023D1E5 /* UIColor+Extension.swift in Sources */,
				84DA419D290F0D2E0023D1E5 /* UICollectionView+Extension.swift in Sources */,
				84DA416A290ED8C20023D1E5 /* NotesListPresenter.swift in Sources */,
				84DA412F290E9EB10023D1E5 /* AbstractFactory.swift in Sources */,
				84DA4130290E9EB10023D1E5 /* SceneDelegate.swift in Sources */,
				84DA4131290E9EB10023D1E5 /* OnboardingInfo.swift in Sources */,
				84DA417C290EE17F0023D1E5 /* AddData.swift in Sources */,
				84DA414C290E9EEB0023D1E5 /* OnboardingPageCountProvider.swift in Sources */,
				84DA4132290E9EB10023D1E5 /* String+Extension.swift in Sources */,
				84DA4195290F0C040023D1E5 /* NoteCollectionViewCell.swift in Sources */,
				84DA4133290E9EB10023D1E5 /* OnboardingCoordinator.swift in Sources */,
			);
			runOnlyForDeploymentPostprocessing = 0;
		};
/* End PBXSourcesBuildPhase section */

/* Begin PBXVariantGroup section */
		84DA40D0290E849E0023D1E5 /* LaunchScreen.storyboard */ = {
			isa = PBXVariantGroup;
			children = (
				84DA40D1290E849E0023D1E5 /* Base */,
			);
			name = LaunchScreen.storyboard;
			sourceTree = "<group>";
		};
		84DA4100290E95E20023D1E5 /* Localizable.strings */ = {
			isa = PBXVariantGroup;
			children = (
				84DA40FF290E95E20023D1E5 /* en */,
			);
			name = Localizable.strings;
			sourceTree = "<group>";
		};
/* End PBXVariantGroup section */

/* Begin XCBuildConfiguration section */
		84DA40D4290E849E0023D1E5 /* Debug */ = {
			isa = XCBuildConfiguration;
			buildSettings = {
				ALWAYS_SEARCH_USER_PATHS = NO;
				CLANG_ANALYZER_NONNULL = YES;
				CLANG_ANALYZER_NUMBER_OBJECT_CONVERSION = YES_AGGRESSIVE;
				CLANG_CXX_LANGUAGE_STANDARD = "gnu++20";
				CLANG_ENABLE_MODULES = YES;
				CLANG_ENABLE_OBJC_ARC = YES;
				CLANG_ENABLE_OBJC_WEAK = YES;
				CLANG_WARN_BLOCK_CAPTURE_AUTORELEASING = YES;
				CLANG_WARN_BOOL_CONVERSION = YES;
				CLANG_WARN_COMMA = YES;
				CLANG_WARN_CONSTANT_CONVERSION = YES;
				CLANG_WARN_DEPRECATED_OBJC_IMPLEMENTATIONS = YES;
				CLANG_WARN_DIRECT_OBJC_ISA_USAGE = YES_ERROR;
				CLANG_WARN_DOCUMENTATION_COMMENTS = YES;
				CLANG_WARN_EMPTY_BODY = YES;
				CLANG_WARN_ENUM_CONVERSION = YES;
				CLANG_WARN_INFINITE_RECURSION = YES;
				CLANG_WARN_INT_CONVERSION = YES;
				CLANG_WARN_NON_LITERAL_NULL_CONVERSION = YES;
				CLANG_WARN_OBJC_IMPLICIT_RETAIN_SELF = YES;
				CLANG_WARN_OBJC_LITERAL_CONVERSION = YES;
				CLANG_WARN_OBJC_ROOT_CLASS = YES_ERROR;
				CLANG_WARN_QUOTED_INCLUDE_IN_FRAMEWORK_HEADER = YES;
				CLANG_WARN_RANGE_LOOP_ANALYSIS = YES;
				CLANG_WARN_STRICT_PROTOTYPES = YES;
				CLANG_WARN_SUSPICIOUS_MOVE = YES;
				CLANG_WARN_UNGUARDED_AVAILABILITY = YES_AGGRESSIVE;
				CLANG_WARN_UNREACHABLE_CODE = YES;
				CLANG_WARN__DUPLICATE_METHOD_MATCH = YES;
				COPY_PHASE_STRIP = NO;
				DEBUG_INFORMATION_FORMAT = dwarf;
				ENABLE_STRICT_OBJC_MSGSEND = YES;
				ENABLE_TESTABILITY = YES;
				GCC_C_LANGUAGE_STANDARD = gnu11;
				GCC_DYNAMIC_NO_PIC = NO;
				GCC_NO_COMMON_BLOCKS = YES;
				GCC_OPTIMIZATION_LEVEL = 0;
				GCC_PREPROCESSOR_DEFINITIONS = (
					"DEBUG=1",
					"$(inherited)",
				);
				GCC_WARN_64_TO_32_BIT_CONVERSION = YES;
				GCC_WARN_ABOUT_RETURN_TYPE = YES_ERROR;
				GCC_WARN_UNDECLARED_SELECTOR = YES;
				GCC_WARN_UNINITIALIZED_AUTOS = YES_AGGRESSIVE;
				GCC_WARN_UNUSED_FUNCTION = YES;
				GCC_WARN_UNUSED_VARIABLE = YES;
				IPHONEOS_DEPLOYMENT_TARGET = 16.0;
				MTL_ENABLE_DEBUG_INFO = INCLUDE_SOURCE;
				MTL_FAST_MATH = YES;
				ONLY_ACTIVE_ARCH = YES;
				SDKROOT = iphoneos;
				SWIFT_ACTIVE_COMPILATION_CONDITIONS = DEBUG;
				SWIFT_OPTIMIZATION_LEVEL = "-Onone";
			};
			name = Debug;
		};
		84DA40D5290E849E0023D1E5 /* Release */ = {
			isa = XCBuildConfiguration;
			buildSettings = {
				ALWAYS_SEARCH_USER_PATHS = NO;
				CLANG_ANALYZER_NONNULL = YES;
				CLANG_ANALYZER_NUMBER_OBJECT_CONVERSION = YES_AGGRESSIVE;
				CLANG_CXX_LANGUAGE_STANDARD = "gnu++20";
				CLANG_ENABLE_MODULES = YES;
				CLANG_ENABLE_OBJC_ARC = YES;
				CLANG_ENABLE_OBJC_WEAK = YES;
				CLANG_WARN_BLOCK_CAPTURE_AUTORELEASING = YES;
				CLANG_WARN_BOOL_CONVERSION = YES;
				CLANG_WARN_COMMA = YES;
				CLANG_WARN_CONSTANT_CONVERSION = YES;
				CLANG_WARN_DEPRECATED_OBJC_IMPLEMENTATIONS = YES;
				CLANG_WARN_DIRECT_OBJC_ISA_USAGE = YES_ERROR;
				CLANG_WARN_DOCUMENTATION_COMMENTS = YES;
				CLANG_WARN_EMPTY_BODY = YES;
				CLANG_WARN_ENUM_CONVERSION = YES;
				CLANG_WARN_INFINITE_RECURSION = YES;
				CLANG_WARN_INT_CONVERSION = YES;
				CLANG_WARN_NON_LITERAL_NULL_CONVERSION = YES;
				CLANG_WARN_OBJC_IMPLICIT_RETAIN_SELF = YES;
				CLANG_WARN_OBJC_LITERAL_CONVERSION = YES;
				CLANG_WARN_OBJC_ROOT_CLASS = YES_ERROR;
				CLANG_WARN_QUOTED_INCLUDE_IN_FRAMEWORK_HEADER = YES;
				CLANG_WARN_RANGE_LOOP_ANALYSIS = YES;
				CLANG_WARN_STRICT_PROTOTYPES = YES;
				CLANG_WARN_SUSPICIOUS_MOVE = YES;
				CLANG_WARN_UNGUARDED_AVAILABILITY = YES_AGGRESSIVE;
				CLANG_WARN_UNREACHABLE_CODE = YES;
				CLANG_WARN__DUPLICATE_METHOD_MATCH = YES;
				COPY_PHASE_STRIP = NO;
				DEBUG_INFORMATION_FORMAT = "dwarf-with-dsym";
				ENABLE_NS_ASSERTIONS = NO;
				ENABLE_STRICT_OBJC_MSGSEND = YES;
				GCC_C_LANGUAGE_STANDARD = gnu11;
				GCC_NO_COMMON_BLOCKS = YES;
				GCC_WARN_64_TO_32_BIT_CONVERSION = YES;
				GCC_WARN_ABOUT_RETURN_TYPE = YES_ERROR;
				GCC_WARN_UNDECLARED_SELECTOR = YES;
				GCC_WARN_UNINITIALIZED_AUTOS = YES_AGGRESSIVE;
				GCC_WARN_UNUSED_FUNCTION = YES;
				GCC_WARN_UNUSED_VARIABLE = YES;
				IPHONEOS_DEPLOYMENT_TARGET = 16.0;
				MTL_ENABLE_DEBUG_INFO = NO;
				MTL_FAST_MATH = YES;
				SDKROOT = iphoneos;
				SWIFT_COMPILATION_MODE = wholemodule;
				SWIFT_OPTIMIZATION_LEVEL = "-O";
				VALIDATE_PRODUCT = YES;
			};
			name = Release;
		};
		84DA40D7290E849E0023D1E5 /* Debug */ = {
			isa = XCBuildConfiguration;
			buildSettings = {
				ASSETCATALOG_COMPILER_APPICON_NAME = AppIcon;
				ASSETCATALOG_COMPILER_GLOBAL_ACCENT_COLOR_NAME = AccentColor;
				CODE_SIGN_STYLE = Automatic;
				CURRENT_PROJECT_VERSION = 1;
				DEVELOPMENT_TEAM = LA74W2Y6CY;
				GENERATE_INFOPLIST_FILE = YES;
				INFOPLIST_FILE = iNote/Alpha/Resources/Info.plist;
				INFOPLIST_KEY_CFBundleDisplayName = "iNote Alpha";
				INFOPLIST_KEY_UIApplicationSupportsIndirectInputEvents = YES;
				INFOPLIST_KEY_UILaunchStoryboardName = LaunchScreen;
				INFOPLIST_KEY_UISupportedInterfaceOrientations_iPad = "UIInterfaceOrientationPortrait UIInterfaceOrientationPortraitUpsideDown UIInterfaceOrientationLandscapeLeft UIInterfaceOrientationLandscapeRight";
				INFOPLIST_KEY_UISupportedInterfaceOrientations_iPhone = "UIInterfaceOrientationPortrait UIInterfaceOrientationLandscapeLeft UIInterfaceOrientationLandscapeRight";
				LD_RUNPATH_SEARCH_PATHS = (
					"$(inherited)",
					"@executable_path/Frameworks",
				);
				MARKETING_VERSION = 1.0;
				PRODUCT_BUNDLE_IDENTIFIER = com.gloomikon.iNote.Alpha;
				PRODUCT_NAME = "$(TARGET_NAME)";
				SWIFT_EMIT_LOC_STRINGS = YES;
				SWIFT_VERSION = 5.0;
				TARGETED_DEVICE_FAMILY = "1,2";
			};
			name = Debug;
		};
		84DA40D8290E849E0023D1E5 /* Release */ = {
			isa = XCBuildConfiguration;
			buildSettings = {
				ASSETCATALOG_COMPILER_APPICON_NAME = AppIcon;
				ASSETCATALOG_COMPILER_GLOBAL_ACCENT_COLOR_NAME = AccentColor;
				CODE_SIGN_STYLE = Automatic;
				CURRENT_PROJECT_VERSION = 1;
				DEVELOPMENT_TEAM = LA74W2Y6CY;
				GENERATE_INFOPLIST_FILE = YES;
				INFOPLIST_FILE = iNote/Alpha/Resources/Info.plist;
				INFOPLIST_KEY_CFBundleDisplayName = "iNote Alpha";
				INFOPLIST_KEY_UIApplicationSupportsIndirectInputEvents = YES;
				INFOPLIST_KEY_UILaunchStoryboardName = LaunchScreen;
				INFOPLIST_KEY_UISupportedInterfaceOrientations_iPad = "UIInterfaceOrientationPortrait UIInterfaceOrientationPortraitUpsideDown UIInterfaceOrientationLandscapeLeft UIInterfaceOrientationLandscapeRight";
				INFOPLIST_KEY_UISupportedInterfaceOrientations_iPhone = "UIInterfaceOrientationPortrait UIInterfaceOrientationLandscapeLeft UIInterfaceOrientationLandscapeRight";
				LD_RUNPATH_SEARCH_PATHS = (
					"$(inherited)",
					"@executable_path/Frameworks",
				);
				MARKETING_VERSION = 1.0;
				PRODUCT_BUNDLE_IDENTIFIER = com.gloomikon.iNote.Alpha;
				PRODUCT_NAME = "$(TARGET_NAME)";
				SWIFT_EMIT_LOC_STRINGS = YES;
				SWIFT_VERSION = 5.0;
				TARGETED_DEVICE_FAMILY = "1,2";
			};
			name = Release;
		};
		84DA4144290E9EB10023D1E5 /* Debug */ = {
			isa = XCBuildConfiguration;
			buildSettings = {
				ASSETCATALOG_COMPILER_APPICON_NAME = AppIcon;
				ASSETCATALOG_COMPILER_GLOBAL_ACCENT_COLOR_NAME = AccentColor;
				CODE_SIGN_STYLE = Automatic;
				CURRENT_PROJECT_VERSION = 1;
				DEVELOPMENT_TEAM = LA74W2Y6CY;
				GENERATE_INFOPLIST_FILE = YES;
				INFOPLIST_FILE = iNote/Beta/Resources/Info.plist;
				INFOPLIST_KEY_CFBundleDisplayName = "iNote Beta";
				INFOPLIST_KEY_UIApplicationSupportsIndirectInputEvents = YES;
				INFOPLIST_KEY_UILaunchStoryboardName = LaunchScreen;
				INFOPLIST_KEY_UISupportedInterfaceOrientations_iPad = "UIInterfaceOrientationPortrait UIInterfaceOrientationPortraitUpsideDown UIInterfaceOrientationLandscapeLeft UIInterfaceOrientationLandscapeRight";
				INFOPLIST_KEY_UISupportedInterfaceOrientations_iPhone = "UIInterfaceOrientationPortrait UIInterfaceOrientationLandscapeLeft UIInterfaceOrientationLandscapeRight";
				LD_RUNPATH_SEARCH_PATHS = (
					"$(inherited)",
					"@executable_path/Frameworks",
				);
				MARKETING_VERSION = 1.0;
				PRODUCT_BUNDLE_IDENTIFIER = com.gloomikon.iNote.Beta;
				PRODUCT_NAME = "$(TARGET_NAME)";
				SWIFT_EMIT_LOC_STRINGS = YES;
				SWIFT_VERSION = 5.0;
				TARGETED_DEVICE_FAMILY = "1,2";
			};
			name = Debug;
		};
		84DA4145290E9EB10023D1E5 /* Release */ = {
			isa = XCBuildConfiguration;
			buildSettings = {
				ASSETCATALOG_COMPILER_APPICON_NAME = AppIcon;
				ASSETCATALOG_COMPILER_GLOBAL_ACCENT_COLOR_NAME = AccentColor;
				CODE_SIGN_STYLE = Automatic;
				CURRENT_PROJECT_VERSION = 1;
				DEVELOPMENT_TEAM = LA74W2Y6CY;
				GENERATE_INFOPLIST_FILE = YES;
				INFOPLIST_FILE = iNote/Beta/Resources/Info.plist;
				INFOPLIST_KEY_CFBundleDisplayName = "iNote Beta";
				INFOPLIST_KEY_UIApplicationSupportsIndirectInputEvents = YES;
				INFOPLIST_KEY_UILaunchStoryboardName = LaunchScreen;
				INFOPLIST_KEY_UISupportedInterfaceOrientations_iPad = "UIInterfaceOrientationPortrait UIInterfaceOrientationPortraitUpsideDown UIInterfaceOrientationLandscapeLeft UIInterfaceOrientationLandscapeRight";
				INFOPLIST_KEY_UISupportedInterfaceOrientations_iPhone = "UIInterfaceOrientationPortrait UIInterfaceOrientationLandscapeLeft UIInterfaceOrientationLandscapeRight";
				LD_RUNPATH_SEARCH_PATHS = (
					"$(inherited)",
					"@executable_path/Frameworks",
				);
				MARKETING_VERSION = 1.0;
				PRODUCT_BUNDLE_IDENTIFIER = com.gloomikon.iNote.Beta;
				PRODUCT_NAME = "$(TARGET_NAME)";
				SWIFT_EMIT_LOC_STRINGS = YES;
				SWIFT_VERSION = 5.0;
				TARGETED_DEVICE_FAMILY = "1,2";
			};
			name = Release;
		};
/* End XCBuildConfiguration section */

/* Begin XCConfigurationList section */
		84DA40BD290E849C0023D1E5 /* Build configuration list for PBXProject "iNote" */ = {
			isa = XCConfigurationList;
			buildConfigurations = (
				84DA40D4290E849E0023D1E5 /* Debug */,
				84DA40D5290E849E0023D1E5 /* Release */,
			);
			defaultConfigurationIsVisible = 0;
			defaultConfigurationName = Release;
		};
		84DA40D6290E849E0023D1E5 /* Build configuration list for PBXNativeTarget "iNote Alpha" */ = {
			isa = XCConfigurationList;
			buildConfigurations = (
				84DA40D7290E849E0023D1E5 /* Debug */,
				84DA40D8290E849E0023D1E5 /* Release */,
			);
			defaultConfigurationIsVisible = 0;
			defaultConfigurationName = Release;
		};
		84DA4143290E9EB10023D1E5 /* Build configuration list for PBXNativeTarget "iNote Beta" */ = {
			isa = XCConfigurationList;
			buildConfigurations = (
				84DA4144290E9EB10023D1E5 /* Debug */,
				84DA4145290E9EB10023D1E5 /* Release */,
			);
			defaultConfigurationIsVisible = 0;
			defaultConfigurationName = Release;
		};
/* End XCConfigurationList section */
	};
	rootObject = 84DA40BA290E849C0023D1E5 /* Project object */;
}
